// !$*UTF8*$!
{
	archiveVersion = 1;
	classes = {
	};
	objectVersion = 48;
	objects = {

/* Begin PBXBuildFile section */
		B37591E9205ADACE00C030D2 /* AppDelegate.swift in Sources */ = {isa = PBXBuildFile; fileRef = B37591E8205ADACE00C030D2 /* AppDelegate.swift */; };
		B37591EB205ADACE00C030D2 /* ViewController.swift in Sources */ = {isa = PBXBuildFile; fileRef = B37591EA205ADACE00C030D2 /* ViewController.swift */; };
		B37591EE205ADACE00C030D2 /* Main.storyboard in Resources */ = {isa = PBXBuildFile; fileRef = B37591EC205ADACE00C030D2 /* Main.storyboard */; };
		B37591F0205ADACE00C030D2 /* Assets.xcassets in Resources */ = {isa = PBXBuildFile; fileRef = B37591EF205ADACE00C030D2 /* Assets.xcassets */; };
		B37591F3205ADACE00C030D2 /* LaunchScreen.storyboard in Resources */ = {isa = PBXBuildFile; fileRef = B37591F1205ADACE00C030D2 /* LaunchScreen.storyboard */; };
		B37591FE205ADACE00C030D2 /* CustomNavigationBarTests.swift in Sources */ = {isa = PBXBuildFile; fileRef = B37591FD205ADACE00C030D2 /* CustomNavigationBarTests.swift */; };
/* End PBXBuildFile section */

/* Begin PBXContainerItemProxy section */
		B37591FA205ADACE00C030D2 /* PBXContainerItemProxy */ = {
			isa = PBXContainerItemProxy;
			containerPortal = B37591DD205ADACE00C030D2 /* Project object */;
			proxyType = 1;
			remoteGlobalIDString = B37591E4205ADACE00C030D2;
			remoteInfo = CustomNavigationBar;
		};
/* End PBXContainerItemProxy section */

/* Begin PBXFileReference section */
		B37591E5205ADACE00C030D2 /* CustomNavigationBar.app */ = {isa = PBXFileReference; explicitFileType = wrapper.application; includeInIndex = 0; path = CustomNavigationBar.app; sourceTree = BUILT_PRODUCTS_DIR; };
		B37591E8205ADACE00C030D2 /* AppDelegate.swift */ = {isa = PBXFileReference; lastKnownFileType = sourcecode.swift; path = AppDelegate.swift; sourceTree = "<group>"; };
		B37591EA205ADACE00C030D2 /* ViewController.swift */ = {isa = PBXFileReference; lastKnownFileType = sourcecode.swift; path = ViewController.swift; sourceTree = "<group>"; };
		B37591ED205ADACE00C030D2 /* Base */ = {isa = PBXFileReference; lastKnownFileType = file.storyboard; name = Base; path = Base.lproj/Main.storyboard; sourceTree = "<group>"; };
		B37591EF205ADACE00C030D2 /* Assets.xcassets */ = {isa = PBXFileReference; lastKnownFileType = folder.assetcatalog; path = Assets.xcassets; sourceTree = "<group>"; };
		B37591F2205ADACE00C030D2 /* Base */ = {isa = PBXFileReference; lastKnownFileType = file.storyboard; name = Base; path = Base.lproj/LaunchScreen.storyboard; sourceTree = "<group>"; };
		B37591F4205ADACE00C030D2 /* Info.plist */ = {isa = PBXFileReference; lastKnownFileType = text.plist.xml; path = Info.plist; sourceTree = "<group>"; };
		B37591F9205ADACE00C030D2 /* CustomNavigationBarTests.xctest */ = {isa = PBXFileReference; explicitFileType = wrapper.cfbundle; includeInIndex = 0; path = CustomNavigationBarTests.xctest; sourceTree = BUILT_PRODUCTS_DIR; };
		B37591FD205ADACE00C030D2 /* CustomNavigationBarTests.swift */ = {isa = PBXFileReference; lastKnownFileType = sourcecode.swift; path = CustomNavigationBarTests.swift; sourceTree = "<group>"; };
		B37591FF205ADACF00C030D2 /* Info.plist */ = {isa = PBXFileReference; lastKnownFileType = text.plist.xml; path = Info.plist; sourceTree = "<group>"; };
/* End PBXFileReference section */

/* Begin PBXFrameworksBuildPhase section */
		B37591E2205ADACE00C030D2 /* Frameworks */ = {
			isa = PBXFrameworksBuildPhase;
			buildActionMask = 2147483647;
			files = (
			);
			runOnlyForDeploymentPostprocessing = 0;
		};
		B37591F6205ADACE00C030D2 /* Frameworks */ = {
			isa = PBXFrameworksBuildPhase;
			buildActionMask = 2147483647;
			files = (
			);
			runOnlyForDeploymentPostprocessing = 0;
		};
/* End PBXFrameworksBuildPhase section */

/* Begin PBXGroup section */
		B37591DC205ADACE00C030D2 = {
			isa = PBXGroup;
			children = (
				B37591E7205ADACE00C030D2 /* CustomNavigationBar */,
				B37591FC205ADACE00C030D2 /* CustomNavigationBarTests */,
				B37591E6205ADACE00C030D2 /* Products */,
			);
			sourceTree = "<group>";
		};
		B37591E6205ADACE00C030D2 /* Products */ = {
			isa = PBXGroup;
			children = (
				B37591E5205ADACE00C030D2 /* CustomNavigationBar.app */,
				B37591F9205ADACE00C030D2 /* CustomNavigationBarTests.xctest */,
			);
			name = Products;
			sourceTree = "<group>";
		};
		B37591E7205ADACE00C030D2 /* CustomNavigationBar */ = {
			isa = PBXGroup;
			children = (
				B37591E8205ADACE00C030D2 /* AppDelegate.swift */,
				B37591EA205ADACE00C030D2 /* ViewController.swift */,
				B37591EC205ADACE00C030D2 /* Main.storyboard */,
				B37591EF205ADACE00C030D2 /* Assets.xcassets */,
				B37591F1205ADACE00C030D2 /* LaunchScreen.storyboard */,
				B37591F4205ADACE00C030D2 /* Info.plist */,
			);
			path = CustomNavigationBar;
			sourceTree = "<group>";
		};
		B37591FC205ADACE00C030D2 /* CustomNavigationBarTests */ = {
			isa = PBXGroup;
			children = (
				B37591FD205ADACE00C030D2 /* CustomNavigationBarTests.swift */,
				B37591FF205ADACF00C030D2 /* Info.plist */,
			);
			path = CustomNavigationBarTests;
			sourceTree = "<group>";
		};
/* End PBXGroup section */

/* Begin PBXNativeTarget section */
		B37591E4205ADACE00C030D2 /* CustomNavigationBar */ = {
			isa = PBXNativeTarget;
			buildConfigurationList = B3759202205ADACF00C030D2 /* Build configuration list for PBXNativeTarget "CustomNavigationBar" */;
			buildPhases = (
				B37591E1205ADACE00C030D2 /* Sources */,
				B37591E2205ADACE00C030D2 /* Frameworks */,
				B37591E3205ADACE00C030D2 /* Resources */,
			);
			buildRules = (
			);
			dependencies = (
			);
			name = CustomNavigationBar;
			productName = CustomNavigationBar;
			productReference = B37591E5205ADACE00C030D2 /* CustomNavigationBar.app */;
			productType = "com.apple.product-type.application";
		};
		B37591F8205ADACE00C030D2 /* CustomNavigationBarTests */ = {
			isa = PBXNativeTarget;
			buildConfigurationList = B3759205205ADACF00C030D2 /* Build configuration list for PBXNativeTarget "CustomNavigationBarTests" */;
			buildPhases = (
				B37591F5205ADACE00C030D2 /* Sources */,
				B37591F6205ADACE00C030D2 /* Frameworks */,
				B37591F7205ADACE00C030D2 /* Resources */,
			);
			buildRules = (
			);
			dependencies = (
				B37591FB205ADACE00C030D2 /* PBXTargetDependency */,
			);
			name = CustomNavigationBarTests;
			productName = CustomNavigationBarTests;
			productReference = B37591F9205ADACE00C030D2 /* CustomNavigationBarTests.xctest */;
			productType = "com.apple.product-type.bundle.unit-test";
		};
/* End PBXNativeTarget section */

/* Begin PBXProject section */
		B37591DD205ADACE00C030D2 /* Project object */ = {
			isa = PBXProject;
			attributes = {
				LastSwiftUpdateCheck = 0920;
				LastUpgradeCheck = 0920;
				ORGANIZATIONNAME = "Patnayak, Nilikh";
				TargetAttributes = {
					B37591E4205ADACE00C030D2 = {
						CreatedOnToolsVersion = 9.2;
						ProvisioningStyle = Automatic;
					};
					B37591F8205ADACE00C030D2 = {
						CreatedOnToolsVersion = 9.2;
						ProvisioningStyle = Automatic;
						TestTargetID = B37591E4205ADACE00C030D2;
					};
				};
			};
			buildConfigurationList = B37591E0205ADACE00C030D2 /* Build configuration list for PBXProject "CustomNavigationBar" */;
			compatibilityVersion = "Xcode 8.0";
			developmentRegion = en;
			hasScannedForEncodings = 0;
			knownRegions = (
				en,
				Base,
			);
			mainGroup = B37591DC205ADACE00C030D2;
			productRefGroup = B37591E6205ADACE00C030D2 /* Products */;
			projectDirPath = "";
			projectRoot = "";
			targets = (
				B37591E4205ADACE00C030D2 /* CustomNavigationBar */,
				B37591F8205ADACE00C030D2 /* CustomNavigationBarTests */,
			);
		};
/* End PBXProject section */

/* Begin PBXResourcesBuildPhase section */
		B37591E3205ADACE00C030D2 /* Resources */ = {
			isa = PBXResourcesBuildPhase;
			buildActionMask = 2147483647;
			files = (
				B37591F3205ADACE00C030D2 /* LaunchScreen.storyboard in Resources */,
				B37591F0205ADACE00C030D2 /* Assets.xcassets in Resources */,
				B37591EE205ADACE00C030D2 /* Main.storyboard in Resources */,
			);
			runOnlyForDeploymentPostprocessing = 0;
		};
		B37591F7205ADACE00C030D2 /* Resources */ = {
			isa = PBXResourcesBuildPhase;
			buildActionMask = 2147483647;
			files = (
			);
			runOnlyForDeploymentPostprocessing = 0;
		};
/* End PBXResourcesBuildPhase section */

/* Begin PBXSourcesBuildPhase section */
		B37591E1205ADACE00C030D2 /* Sources */ = {
			isa = PBXSourcesBuildPhase;
			buildActionMask = 2147483647;
			files = (
				B37591EB205ADACE00C030D2 /* ViewController.swift in Sources */,
				B37591E9205ADACE00C030D2 /* AppDelegate.swift in Sources */,
			);
			runOnlyForDeploymentPostprocessing = 0;
		};
		B37591F5205ADACE00C030D2 /* Sources */ = {
			isa = PBXSourcesBuildPhase;
			buildActionMask = 2147483647;
			files = (
				B37591FE205ADACE00C030D2 /* CustomNavigationBarTests.swift in Sources */,
			);
			runOnlyForDeploymentPostprocessing = 0;
		};
/* End PBXSourcesBuildPhase section */

/* Begin PBXTargetDependency section */
		B37591FB205ADACE00C030D2 /* PBXTargetDependency */ = {
			isa = PBXTargetDependency;
			target = B37591E4205ADACE00C030D2 /* CustomNavigationBar */;
			targetProxy = B37591FA205ADACE00C030D2 /* PBXContainerItemProxy */;
		};
/* End PBXTargetDependency section */

/* Begin PBXVariantGroup section */
		B37591EC205ADACE00C030D2 /* Main.storyboard */ = {
			isa = PBXVariantGroup;
			children = (
				B37591ED205ADACE00C030D2 /* Base */,
			);
			name = Main.storyboard;
			sourceTree = "<group>";
		};
		B37591F1205ADACE00C030D2 /* LaunchScreen.storyboard */ = {
			isa = PBXVariantGroup;
			children = (
				B37591F2205ADACE00C030D2 /* Base */,
			);
			name = LaunchScreen.storyboard;
			sourceTree = "<group>";
		};
/* End PBXVariantGroup section */

/* Begin XCBuildConfiguration section */
		B3759200205ADACF00C030D2 /* Debug */ = {
			isa = XCBuildConfiguration;
			buildSettings = {
				ALWAYS_SEARCH_USER_PATHS = NO;
				CLANG_ANALYZER_NONNULL = YES;
				CLANG_ANALYZER_NUMBER_OBJECT_CONVERSION = YES_AGGRESSIVE;
				CLANG_CXX_LANGUAGE_STANDARD = "gnu++14";
				CLANG_CXX_LIBRARY = "libc++";
				CLANG_ENABLE_MODULES = YES;
				CLANG_ENABLE_OBJC_ARC = YES;
				CLANG_WARN_BLOCK_CAPTURE_AUTORELEASING = YES;
				CLANG_WARN_BOOL_CONVERSION = YES;
				CLANG_WARN_COMMA = YES;
				CLANG_WARN_CONSTANT_CONVERSION = YES;
				CLANG_WARN_DIRECT_OBJC_ISA_USAGE = YES_ERROR;
				CLANG_WARN_DOCUMENTATION_COMMENTS = YES;
				CLANG_WARN_EMPTY_BODY = YES;
				CLANG_WARN_ENUM_CONVERSION = YES;
				CLANG_WARN_INFINITE_RECURSION = YES;
				CLANG_WARN_INT_CONVERSION = YES;
				CLANG_WARN_NON_LITERAL_NULL_CONVERSION = YES;
				CLANG_WARN_OBJC_LITERAL_CONVERSION = YES;
				CLANG_WARN_OBJC_ROOT_CLASS = YES_ERROR;
				CLANG_WARN_RANGE_LOOP_ANALYSIS = YES;
				CLANG_WARN_STRICT_PROTOTYPES = YES;
				CLANG_WARN_SUSPICIOUS_MOVE = YES;
				CLANG_WARN_UNGUARDED_AVAILABILITY = YES_AGGRESSIVE;
				CLANG_WARN_UNREACHABLE_CODE = YES;
				CLANG_WARN__DUPLICATE_METHOD_MATCH = YES;
				CODE_SIGN_IDENTITY = "iPhone Developer";
				COPY_PHASE_STRIP = NO;
				DEBUG_INFORMATION_FORMAT = dwarf;
				ENABLE_STRICT_OBJC_MSGSEND = YES;
				ENABLE_TESTABILITY = YES;
				GCC_C_LANGUAGE_STANDARD = gnu11;
				GCC_DYNAMIC_NO_PIC = NO;
				GCC_NO_COMMON_BLOCKS = YES;
				GCC_OPTIMIZATION_LEVEL = 0;
				GCC_PREPROCESSOR_DEFINITIONS = (
					"DEBUG=1",
					"$(inherited)",
				);
				GCC_WARN_64_TO_32_BIT_CONVERSION = YES;
				GCC_WARN_ABOUT_RETURN_TYPE = YES_ERROR;
				GCC_WARN_UNDECLARED_SELECTOR = YES;
				GCC_WARN_UNINITIALIZED_AUTOS = YES_AGGRESSIVE;
				GCC_WARN_UNUSED_FUNCTION = YES;
				GCC_WARN_UNUSED_VARIABLE = YES;
				IPHONEOS_DEPLOYMENT_TARGET = 11.2;
				MTL_ENABLE_DEBUG_INFO = YES;
				ONLY_ACTIVE_ARCH = YES;
				SDKROOT = iphoneos;
				SWIFT_ACTIVE_COMPILATION_CONDITIONS = DEBUG;
				SWIFT_OPTIMIZATION_LEVEL = "-Onone";
			};
			name = Debug;
		};
		B3759201205ADACF00C030D2 /* Release */ = {
			isa = XCBuildConfiguration;
			buildSettings = {
				ALWAYS_SEARCH_USER_PATHS = NO;
				CLANG_ANALYZER_NONNULL = YES;
				CLANG_ANALYZER_NUMBER_OBJECT_CONVERSION = YES_AGGRESSIVE;
				CLANG_CXX_LANGUAGE_STANDARD = "gnu++14";
				CLANG_CXX_LIBRARY = "libc++";
				CLANG_ENABLE_MODULES = YES;
				CLANG_ENABLE_OBJC_ARC = YES;
				CLANG_WARN_BLOCK_CAPTURE_AUTORELEASING = YES;
				CLANG_WARN_BOOL_CONVERSION = YES;
				CLANG_WARN_COMMA = YES;
				CLANG_WARN_CONSTANT_CONVERSION = YES;
				CLANG_WARN_DIRECT_OBJC_ISA_USAGE = YES_ERROR;
				CLANG_WARN_DOCUMENTATION_COMMENTS = YES;
				CLANG_WARN_EMPTY_BODY = YES;
				CLANG_WARN_ENUM_CONVERSION = YES;
				CLANG_WARN_INFINITE_RECURSION = YES;
				CLANG_WARN_INT_CONVERSION = YES;
				CLANG_WARN_NON_LITERAL_NULL_CONVERSION = YES;
				CLANG_WARN_OBJC_LITERAL_CONVERSION = YES;
				CLANG_WARN_OBJC_ROOT_CLASS = YES_ERROR;
				CLANG_WARN_RANGE_LOOP_ANALYSIS = YES;
				CLANG_WARN_STRICT_PROTOTYPES = YES;
				CLANG_WARN_SUSPICIOUS_MOVE = YES;
				CLANG_WARN_UNGUARDED_AVAILABILITY = YES_AGGRESSIVE;
				CLANG_WARN_UNREACHABLE_CODE = YES;
				CLANG_WARN__DUPLICATE_METHOD_MATCH = YES;
				CODE_SIGN_IDENTITY = "iPhone Developer";
				COPY_PHASE_STRIP = NO;
				DEBUG_INFORMATION_FORMAT = "dwarf-with-dsym";
				ENABLE_NS_ASSERTIONS = NO;
				ENABLE_STRICT_OBJC_MSGSEND = YES;
				GCC_C_LANGUAGE_STANDARD = gnu11;
				GCC_NO_COMMON_BLOCKS = YES;
				GCC_WARN_64_TO_32_BIT_CONVERSION = YES;
				GCC_WARN_ABOUT_RETURN_TYPE = YES_ERROR;
				GCC_WARN_UNDECLARED_SELECTOR = YES;
				GCC_WARN_UNINITIALIZED_AUTOS = YES_AGGRESSIVE;
				GCC_WARN_UNUSED_FUNCTION = YES;
				GCC_WARN_UNUSED_VARIABLE = YES;
				IPHONEOS_DEPLOYMENT_TARGET = 11.2;
				MTL_ENABLE_DEBUG_INFO = NO;
				SDKROOT = iphoneos;
				SWIFT_OPTIMIZATION_LEVEL = "-Owholemodule";
				VALIDATE_PRODUCT = YES;
			};
			name = Release;
		};
		B3759203205ADACF00C030D2 /* Debug */ = {
			isa = XCBuildConfiguration;
			buildSettings = {
				ASSETCATALOG_COMPILER_APPICON_NAME = AppIcon;
				CODE_SIGN_STYLE = Automatic;
				INFOPLIST_FILE = CustomNavigationBar/Info.plist;
				LD_RUNPATH_SEARCH_PATHS = "$(inherited) @executable_path/Frameworks";
				PRODUCT_BUNDLE_IDENTIFIER = com.company.CustomNavigationBar;
				PRODUCT_NAME = "$(TARGET_NAME)";
				SWIFT_VERSION = 4.0;
				TARGETED_DEVICE_FAMILY = "1,2";
			};
			name = Debug;
		};
		B3759204205ADACF00C030D2 /* Release */ = {
			isa = XCBuildConfiguration;
			buildSettings = {
				ASSETCATALOG_COMPILER_APPICON_NAME = AppIcon;
				CODE_SIGN_STYLE = Automatic;
				INFOPLIST_FILE = CustomNavigationBar/Info.plist;
				LD_RUNPATH_SEARCH_PATHS = "$(inherited) @executable_path/Frameworks";
				PRODUCT_BUNDLE_IDENTIFIER = com.company.CustomNavigationBar;
				PRODUCT_NAME = "$(TARGET_NAME)";
				SWIFT_VERSION = 4.0;
				TARGETED_DEVICE_FAMILY = "1,2";
			};
			name = Release;
		};
		B3759206205ADACF00C030D2 /* Debug */ = {
			isa = XCBuildConfiguration;
			buildSettings = {
				ALWAYS_EMBED_SWIFT_STANDARD_LIBRARIES = YES;
				BUNDLE_LOADER = "$(TEST_HOST)";
				CODE_SIGN_STYLE = Automatic;
				INFOPLIST_FILE = CustomNavigationBarTests/Info.plist;
				LD_RUNPATH_SEARCH_PATHS = "$(inherited) @executable_path/Frameworks @loader_path/Frameworks";
				PRODUCT_BUNDLE_IDENTIFIER = com.company.CustomNavigationBarTests;
				PRODUCT_NAME = "$(TARGET_NAME)";
				SWIFT_VERSION = 4.0;
				TARGETED_DEVICE_FAMILY = "1,2";
				TEST_HOST = "$(BUILT_PRODUCTS_DIR)/CustomNavigationBar.app/CustomNavigationBar";
			};
			name = Debug;
		};
		B3759207205ADACF00C030D2 /* Release */ = {
			isa = XCBuildConfiguration;
			buildSettings = {
				ALWAYS_EMBED_SWIFT_STANDARD_LIBRARIES = YES;
				BUNDLE_LOADER = "$(TEST_HOST)";
				CODE_SIGN_STYLE = Automatic;
				INFOPLIST_FILE = CustomNavigationBarTests/Info.plist;
				LD_RUNPATH_SEARCH_PATHS = "$(inherited) @executable_path/Frameworks @loader_path/Frameworks";
				PRODUCT_BUNDLE_IDENTIFIER = com.company.CustomNavigationBarTests;
				PRODUCT_NAME = "$(TARGET_NAME)";
				SWIFT_VERSION = 4.0;
				TARGETED_DEVICE_FAMILY = "1,2";
				TEST_HOST = "$(BUILT_PRODUCTS_DIR)/CustomNavigationBar.app/CustomNavigationBar";
			};
			name = Release;
		};
/* End XCBuildConfiguration section */

/* Begin XCConfigurationList section */
		B37591E0205ADACE00C030D2 /* Build configuration list for PBXProject "CustomNavigationBar" */ = {
			isa = XCConfigurationList;
			buildConfigurations = (
				B3759200205ADACF00C030D2 /* Debug */,
				B3759201205ADACF00C030D2 /* Release */,
			);
			defaultConfigurationIsVisible = 0;
			defaultConfigurationName = Release;
		};
		B3759202205ADACF00C030D2 /* Build configuration list for PBXNativeTarget "CustomNavigationBar" */ = {
			isa = XCConfigurationList;
			buildConfigurations = (
				B3759203205ADACF00C030D2 /* Debug */,
				B3759204205ADACF00C030D2 /* Release */,
			);
			defaultConfigurationIsVisible = 0;
			defaultConfigurationName = Release;
		};
		B3759205205ADACF00C030D2 /* Build configuration list for PBXNativeTarget "CustomNavigationBarTests" */ = {
			isa = XCConfigurationList;
			buildConfigurations = (
				B3759206205ADACF00C030D2 /* Debug */,
				B3759207205ADACF00C030D2 /* Release */,
			);
			defaultConfigurationIsVisible = 0;
			defaultConfigurationName = Release;
		};
/* End XCConfigurationList section */
	};
	rootObject = B37591DD205ADACE00C030D2 /* Project object */;
}
