// !$*UTF8*$!
{
	archiveVersion = 1;
	classes = {
	};
	objectVersion = 48;
	objects = {

/* Begin PBXBuildFile section */
		B34BAA381FA79D6A004A4622 /* AppDelegate.swift in Sources */ = {isa = PBXBuildFile; fileRef = B34BAA371FA79D6A004A4622 /* AppDelegate.swift */; };
		B34BAA3A1FA79D6A004A4622 /* ViewController.swift in Sources */ = {isa = PBXBuildFile; fileRef = B34BAA391FA79D6A004A4622 /* ViewController.swift */; };
		B34BAA3D1FA79D6A004A4622 /* Main.storyboard in Resources */ = {isa = PBXBuildFile; fileRef = B34BAA3B1FA79D6A004A4622 /* Main.storyboard */; };
		B34BAA3F1FA79D6A004A4622 /* Assets.xcassets in Resources */ = {isa = PBXBuildFile; fileRef = B34BAA3E1FA79D6A004A4622 /* Assets.xcassets */; };
		B34BAA421FA79D6A004A4622 /* LaunchScreen.storyboard in Resources */ = {isa = PBXBuildFile; fileRef = B34BAA401FA79D6A004A4622 /* LaunchScreen.storyboard */; };
		B34BAA4C1FA7B148004A4622 /* MyCustomCell.swift in Sources */ = {isa = PBXBuildFile; fileRef = B34BAA4B1FA7B148004A4622 /* MyCustomCell.swift */; };
		B34BAA4E1FA7B4D6004A4622 /* NibCell.swift in Sources */ = {isa = PBXBuildFile; fileRef = B34BAA4D1FA7B4D6004A4622 /* NibCell.swift */; };
		B34BAA501FA7B51C004A4622 /* NibCell.xib in Resources */ = {isa = PBXBuildFile; fileRef = B34BAA4F1FA7B51C004A4622 /* NibCell.xib */; };
		B3CEAFB420A0E6D300A00FC8 /* SectionTableViewController.swift in Sources */ = {isa = PBXBuildFile; fileRef = B3CEAFB320A0E6D300A00FC8 /* SectionTableViewController.swift */; };
/* End PBXBuildFile section */

/* Begin PBXFileReference section */
		B34BAA341FA79D6A004A4622 /* TestTableView.app */ = {isa = PBXFileReference; explicitFileType = wrapper.application; includeInIndex = 0; path = TestTableView.app; sourceTree = BUILT_PRODUCTS_DIR; };
		B34BAA371FA79D6A004A4622 /* AppDelegate.swift */ = {isa = PBXFileReference; lastKnownFileType = sourcecode.swift; path = AppDelegate.swift; sourceTree = "<group>"; };
		B34BAA391FA79D6A004A4622 /* ViewController.swift */ = {isa = PBXFileReference; lastKnownFileType = sourcecode.swift; path = ViewController.swift; sourceTree = "<group>"; };
		B34BAA3C1FA79D6A004A4622 /* Base */ = {isa = PBXFileReference; lastKnownFileType = file.storyboard; name = Base; path = Base.lproj/Main.storyboard; sourceTree = "<group>"; };
		B34BAA3E1FA79D6A004A4622 /* Assets.xcassets */ = {isa = PBXFileReference; lastKnownFileType = folder.assetcatalog; path = Assets.xcassets; sourceTree = "<group>"; };
		B34BAA411FA79D6A004A4622 /* Base */ = {isa = PBXFileReference; lastKnownFileType = file.storyboard; name = Base; path = Base.lproj/LaunchScreen.storyboard; sourceTree = "<group>"; };
		B34BAA431FA79D6A004A4622 /* Info.plist */ = {isa = PBXFileReference; lastKnownFileType = text.plist.xml; path = Info.plist; sourceTree = "<group>"; };
		B34BAA4B1FA7B148004A4622 /* MyCustomCell.swift */ = {isa = PBXFileReference; lastKnownFileType = sourcecode.swift; path = MyCustomCell.swift; sourceTree = "<group>"; };
		B34BAA4D1FA7B4D6004A4622 /* NibCell.swift */ = {isa = PBXFileReference; lastKnownFileType = sourcecode.swift; path = NibCell.swift; sourceTree = "<group>"; };
		B34BAA4F1FA7B51C004A4622 /* NibCell.xib */ = {isa = PBXFileReference; lastKnownFileType = file.xib; path = NibCell.xib; sourceTree = "<group>"; };
		B3CEAFB320A0E6D300A00FC8 /* SectionTableViewController.swift */ = {isa = PBXFileReference; lastKnownFileType = sourcecode.swift; path = SectionTableViewController.swift; sourceTree = "<group>"; };
/* End PBXFileReference section */

/* Begin PBXFrameworksBuildPhase section */
		B34BAA311FA79D6A004A4622 /* Frameworks */ = {
			isa = PBXFrameworksBuildPhase;
			buildActionMask = 2147483647;
			files = (
			);
			runOnlyForDeploymentPostprocessing = 0;
		};
/* End PBXFrameworksBuildPhase section */

/* Begin PBXGroup section */
		B34BAA2B1FA79D6A004A4622 = {
			isa = PBXGroup;
			children = (
				B34BAA361FA79D6A004A4622 /* TestTableView */,
				B34BAA351FA79D6A004A4622 /* Products */,
			);
			sourceTree = "<group>";
		};
		B34BAA351FA79D6A004A4622 /* Products */ = {
			isa = PBXGroup;
			children = (
				B34BAA341FA79D6A004A4622 /* TestTableView.app */,
			);
			name = Products;
			sourceTree = "<group>";
		};
		B34BAA361FA79D6A004A4622 /* TestTableView */ = {
			isa = PBXGroup;
			children = (
				B34BAA371FA79D6A004A4622 /* AppDelegate.swift */,
				B3CEAFB320A0E6D300A00FC8 /* SectionTableViewController.swift */,
				B34BAA391FA79D6A004A4622 /* ViewController.swift */,
				B34BAA4B1FA7B148004A4622 /* MyCustomCell.swift */,
				B34BAA4D1FA7B4D6004A4622 /* NibCell.swift */,
				B34BAA4F1FA7B51C004A4622 /* NibCell.xib */,
				B34BAA3B1FA79D6A004A4622 /* Main.storyboard */,
				B34BAA3E1FA79D6A004A4622 /* Assets.xcassets */,
				B34BAA401FA79D6A004A4622 /* LaunchScreen.storyboard */,
				B34BAA431FA79D6A004A4622 /* Info.plist */,
			);
			path = TestTableView;
			sourceTree = "<group>";
		};
/* End PBXGroup section */

/* Begin PBXNativeTarget section */
		B34BAA331FA79D6A004A4622 /* TestTableView */ = {
			isa = PBXNativeTarget;
			buildConfigurationList = B34BAA461FA79D6A004A4622 /* Build configuration list for PBXNativeTarget "TestTableView" */;
			buildPhases = (
				B34BAA301FA79D6A004A4622 /* Sources */,
				B34BAA311FA79D6A004A4622 /* Frameworks */,
				B34BAA321FA79D6A004A4622 /* Resources */,
			);
			buildRules = (
			);
			dependencies = (
			);
			name = TestTableView;
			productName = TestTableView;
			productReference = B34BAA341FA79D6A004A4622 /* TestTableView.app */;
			productType = "com.apple.product-type.application";
		};
/* End PBXNativeTarget section */

/* Begin PBXProject section */
		B34BAA2C1FA79D6A004A4622 /* Project object */ = {
			isa = PBXProject;
			attributes = {
				LastSwiftUpdateCheck = 0900;
				LastUpgradeCheck = 0900;
				ORGANIZATIONNAME = "Patnayak, Nilikh";
				TargetAttributes = {
					B34BAA331FA79D6A004A4622 = {
						CreatedOnToolsVersion = 9.0.1;
						ProvisioningStyle = Automatic;
					};
				};
			};
			buildConfigurationList = B34BAA2F1FA79D6A004A4622 /* Build configuration list for PBXProject "TestTableView" */;
			compatibilityVersion = "Xcode 8.0";
			developmentRegion = en;
			hasScannedForEncodings = 0;
			knownRegions = (
				en,
				Base,
			);
			mainGroup = B34BAA2B1FA79D6A004A4622;
			productRefGroup = B34BAA351FA79D6A004A4622 /* Products */;
			projectDirPath = "";
			projectRoot = "";
			targets = (
				B34BAA331FA79D6A004A4622 /* TestTableView */,
			);
		};
/* End PBXProject section */

/* Begin PBXResourcesBuildPhase section */
		B34BAA321FA79D6A004A4622 /* Resources */ = {
			isa = PBXResourcesBuildPhase;
			buildActionMask = 2147483647;
			files = (
				B34BAA421FA79D6A004A4622 /* LaunchScreen.storyboard in Resources */,
				B34BAA501FA7B51C004A4622 /* NibCell.xib in Resources */,
				B34BAA3F1FA79D6A004A4622 /* Assets.xcassets in Resources */,
				B34BAA3D1FA79D6A004A4622 /* Main.storyboard in Resources */,
			);
			runOnlyForDeploymentPostprocessing = 0;
		};
/* End PBXResourcesBuildPhase section */

/* Begin PBXSourcesBuildPhase section */
		B34BAA301FA79D6A004A4622 /* Sources */ = {
			isa = PBXSourcesBuildPhase;
			buildActionMask = 2147483647;
			files = (
				B3CEAFB420A0E6D300A00FC8 /* SectionTableViewController.swift in Sources */,
				B34BAA4C1FA7B148004A4622 /* MyCustomCell.swift in Sources */,
				B34BAA4E1FA7B4D6004A4622 /* NibCell.swift in Sources */,
				B34BAA3A1FA79D6A004A4622 /* ViewController.swift in Sources */,
				B34BAA381FA79D6A004A4622 /* AppDelegate.swift in Sources */,
			);
			runOnlyForDeploymentPostprocessing = 0;
		};
/* End PBXSourcesBuildPhase section */

/* Begin PBXVariantGroup section */
		B34BAA3B1FA79D6A004A4622 /* Main.storyboard */ = {
			isa = PBXVariantGroup;
			children = (
				B34BAA3C1FA79D6A004A4622 /* Base */,
			);
			name = Main.storyboard;
			sourceTree = "<group>";
		};
		B34BAA401FA79D6A004A4622 /* LaunchScreen.storyboard */ = {
			isa = PBXVariantGroup;
			children = (
				B34BAA411FA79D6A004A4622 /* Base */,
			);
			name = LaunchScreen.storyboard;
			sourceTree = "<group>";
		};
/* End PBXVariantGroup section */

/* Begin XCBuildConfiguration section */
		B34BAA441FA79D6A004A4622 /* Debug */ = {
			isa = XCBuildConfiguration;
			buildSettings = {
				ALWAYS_SEARCH_USER_PATHS = NO;
				CLANG_ANALYZER_NONNULL = YES;
				CLANG_ANALYZER_NUMBER_OBJECT_CONVERSION = YES_AGGRESSIVE;
				CLANG_CXX_LANGUAGE_STANDARD = "gnu++14";
				CLANG_CXX_LIBRARY = "libc++";
				CLANG_ENABLE_MODULES = YES;
				CLANG_ENABLE_OBJC_ARC = YES;
				CLANG_WARN_BLOCK_CAPTURE_AUTORELEASING = YES;
				CLANG_WARN_BOOL_CONVERSION = YES;
				CLANG_WARN_COMMA = YES;
				CLANG_WARN_CONSTANT_CONVERSION = YES;
				CLANG_WARN_DIRECT_OBJC_ISA_USAGE = YES_ERROR;
				CLANG_WARN_DOCUMENTATION_COMMENTS = YES;
				CLANG_WARN_EMPTY_BODY = YES;
				CLANG_WARN_ENUM_CONVERSION = YES;
				CLANG_WARN_INFINITE_RECURSION = YES;
				CLANG_WARN_INT_CONVERSION = YES;
				CLANG_WARN_NON_LITERAL_NULL_CONVERSION = YES;
				CLANG_WARN_OBJC_LITERAL_CONVERSION = YES;
				CLANG_WARN_OBJC_ROOT_CLASS = YES_ERROR;
				CLANG_WARN_RANGE_LOOP_ANALYSIS = YES;
				CLANG_WARN_STRICT_PROTOTYPES = YES;
				CLANG_WARN_SUSPICIOUS_MOVE = YES;
				CLANG_WARN_UNGUARDED_AVAILABILITY = YES_AGGRESSIVE;
				CLANG_WARN_UNREACHABLE_CODE = YES;
				CLANG_WARN__DUPLICATE_METHOD_MATCH = YES;
				CODE_SIGN_IDENTITY = "iPhone Developer";
				COPY_PHASE_STRIP = NO;
				DEBUG_INFORMATION_FORMAT = dwarf;
				ENABLE_STRICT_OBJC_MSGSEND = YES;
				ENABLE_TESTABILITY = YES;
				GCC_C_LANGUAGE_STANDARD = gnu11;
				GCC_DYNAMIC_NO_PIC = NO;
				GCC_NO_COMMON_BLOCKS = YES;
				GCC_OPTIMIZATION_LEVEL = 0;
				GCC_PREPROCESSOR_DEFINITIONS = (
					"DEBUG=1",
					"$(inherited)",
				);
				GCC_WARN_64_TO_32_BIT_CONVERSION = YES;
				GCC_WARN_ABOUT_RETURN_TYPE = YES_ERROR;
				GCC_WARN_UNDECLARED_SELECTOR = YES;
				GCC_WARN_UNINITIALIZED_AUTOS = YES_AGGRESSIVE;
				GCC_WARN_UNUSED_FUNCTION = YES;
				GCC_WARN_UNUSED_VARIABLE = YES;
				IPHONEOS_DEPLOYMENT_TARGET = 11.0;
				MTL_ENABLE_DEBUG_INFO = YES;
				ONLY_ACTIVE_ARCH = YES;
				SDKROOT = iphoneos;
				SWIFT_ACTIVE_COMPILATION_CONDITIONS = DEBUG;
				SWIFT_OPTIMIZATION_LEVEL = "-Onone";
			};
			name = Debug;
		};
		B34BAA451FA79D6A004A4622 /* Release */ = {
			isa = XCBuildConfiguration;
			buildSettings = {
				ALWAYS_SEARCH_USER_PATHS = NO;
				CLANG_ANALYZER_NONNULL = YES;
				CLANG_ANALYZER_NUMBER_OBJECT_CONVERSION = YES_AGGRESSIVE;
				CLANG_CXX_LANGUAGE_STANDARD = "gnu++14";
				CLANG_CXX_LIBRARY = "libc++";
				CLANG_ENABLE_MODULES = YES;
				CLANG_ENABLE_OBJC_ARC = YES;
				CLANG_WARN_BLOCK_CAPTURE_AUTORELEASING = YES;
				CLANG_WARN_BOOL_CONVERSION = YES;
				CLANG_WARN_COMMA = YES;
				CLANG_WARN_CONSTANT_CONVERSION = YES;
				CLANG_WARN_DIRECT_OBJC_ISA_USAGE = YES_ERROR;
				CLANG_WARN_DOCUMENTATION_COMMENTS = YES;
				CLANG_WARN_EMPTY_BODY = YES;
				CLANG_WARN_ENUM_CONVERSION = YES;
				CLANG_WARN_INFINITE_RECURSION = YES;
				CLANG_WARN_INT_CONVERSION = YES;
				CLANG_WARN_NON_LITERAL_NULL_CONVERSION = YES;
				CLANG_WARN_OBJC_LITERAL_CONVERSION = YES;
				CLANG_WARN_OBJC_ROOT_CLASS = YES_ERROR;
				CLANG_WARN_RANGE_LOOP_ANALYSIS = YES;
				CLANG_WARN_STRICT_PROTOTYPES = YES;
				CLANG_WARN_SUSPICIOUS_MOVE = YES;
				CLANG_WARN_UNGUARDED_AVAILABILITY = YES_AGGRESSIVE;
				CLANG_WARN_UNREACHABLE_CODE = YES;
				CLANG_WARN__DUPLICATE_METHOD_MATCH = YES;
				CODE_SIGN_IDENTITY = "iPhone Developer";
				COPY_PHASE_STRIP = NO;
				DEBUG_INFORMATION_FORMAT = "dwarf-with-dsym";
				ENABLE_NS_ASSERTIONS = NO;
				ENABLE_STRICT_OBJC_MSGSEND = YES;
				GCC_C_LANGUAGE_STANDARD = gnu11;
				GCC_NO_COMMON_BLOCKS = YES;
				GCC_WARN_64_TO_32_BIT_CONVERSION = YES;
				GCC_WARN_ABOUT_RETURN_TYPE = YES_ERROR;
				GCC_WARN_UNDECLARED_SELECTOR = YES;
				GCC_WARN_UNINITIALIZED_AUTOS = YES_AGGRESSIVE;
				GCC_WARN_UNUSED_FUNCTION = YES;
				GCC_WARN_UNUSED_VARIABLE = YES;
				IPHONEOS_DEPLOYMENT_TARGET = 11.0;
				MTL_ENABLE_DEBUG_INFO = NO;
				SDKROOT = iphoneos;
				SWIFT_OPTIMIZATION_LEVEL = "-Owholemodule";
				VALIDATE_PRODUCT = YES;
			};
			name = Release;
		};
		B34BAA471FA79D6A004A4622 /* Debug */ = {
			isa = XCBuildConfiguration;
			buildSettings = {
				ASSETCATALOG_COMPILER_APPICON_NAME = AppIcon;
				CODE_SIGN_STYLE = Automatic;
				INFOPLIST_FILE = TestTableView/Info.plist;
				LD_RUNPATH_SEARCH_PATHS = "$(inherited) @executable_path/Frameworks";
				PRODUCT_BUNDLE_IDENTIFIER = com.company.TestTableView;
				PRODUCT_NAME = "$(TARGET_NAME)";
				SWIFT_VERSION = 4.0;
				TARGETED_DEVICE_FAMILY = "1,2";
			};
			name = Debug;
		};
		B34BAA481FA79D6A004A4622 /* Release */ = {
			isa = XCBuildConfiguration;
			buildSettings = {
				ASSETCATALOG_COMPILER_APPICON_NAME = AppIcon;
				CODE_SIGN_STYLE = Automatic;
				INFOPLIST_FILE = TestTableView/Info.plist;
				LD_RUNPATH_SEARCH_PATHS = "$(inherited) @executable_path/Frameworks";
				PRODUCT_BUNDLE_IDENTIFIER = com.company.TestTableView;
				PRODUCT_NAME = "$(TARGET_NAME)";
				SWIFT_VERSION = 4.0;
				TARGETED_DEVICE_FAMILY = "1,2";
			};
			name = Release;
		};
/* End XCBuildConfiguration section */

/* Begin XCConfigurationList section */
		B34BAA2F1FA79D6A004A4622 /* Build configuration list for PBXProject "TestTableView" */ = {
			isa = XCConfigurationList;
			buildConfigurations = (
				B34BAA441FA79D6A004A4622 /* Debug */,
				B34BAA451FA79D6A004A4622 /* Release */,
			);
			defaultConfigurationIsVisible = 0;
			defaultConfigurationName = Release;
		};
		B34BAA461FA79D6A004A4622 /* Build configuration list for PBXNativeTarget "TestTableView" */ = {
			isa = XCConfigurationList;
			buildConfigurations = (
				B34BAA471FA79D6A004A4622 /* Debug */,
				B34BAA481FA79D6A004A4622 /* Release */,
			);
			defaultConfigurationIsVisible = 0;
			defaultConfigurationName = Release;
		};
/* End XCConfigurationList section */
	};
	rootObject = B34BAA2C1FA79D6A004A4622 /* Project object */;
}
